github.com/mattn/go-sqlite3 v1.6.0 h1:TDwTWbeII+88Qy55nWlof0DclgAtI4LqGujkYMzmQII=
github.com/mattn/go-sqlite3 v1.6.0/go.mod h1:FPy6KqzDD04eiIsT53CuJW3U88zkxoIYsOqkbpncsNc=
github.com/mattn/go-sqlite3 v1.14.27 h1:drZCnuvf37yPfs95E5jd9s3XhdVWLal+6BOK6qrv6IU=
github.com/mattn/go-sqlite3 v1.14.27/go.mod h1:Uh1q+B4BYcTPb+yiD3kU8Ct7aC0hY9fxUwlHK0RXw+Y=
github.com/miku/marc22 v0.0.0-20140814142442-3eba1083be8f h1:nvYhM4yCnO4JkpqpOf4e8B+JmB2HoaVtDSRgI6GcQHU=
github.com/miku/marc22 v0.0.0-20140814142442-3eba1083be8f/go.mod h1:Z1jADBd361amYU3tQx2Uw3tryGfqNHsZT0RX+fSJsxY=
