# This file is autogenerated, do not edit; changes may be undone by the next 'dep ensure'.


[[projects]]
  name = "github.com/mattn/go-sqlite3"
  packages = ["."]
  revision = "6c771bb9887719704b210e87e934f08be014bdb1"
  version = "v1.6.0"

[[projects]]
  branch = "master"
  name = "github.com/miku/marc22"
  packages = ["."]
  revision = "3eba1083be8f8361e15b085d519d88e292f797ad"

[solve-meta]
  analyzer-name = "dep"
  analyzer-version = 1
  inputs-digest = "cdf36230f51de01f691d4fa6bdd0667f192090440af4549837b080065cb27a1a"
  solver-name = "gps-cdcl"
  solver-version = 1
